{
  "name": "group-project-team-54",
  "lockfileVersion": 3,
  "requires": true,
  "packages": {
    "": {
      "dependencies": {
        "vmsg": "^0.4.0"
      }
    },
    "node_modules/vmsg": {
      "version": "0.4.0",
      "resolved": "https://registry.npmjs.org/vmsg/-/vmsg-0.4.0.tgz",
      "integrity": "sha512-46BBqRSfqdFGUpO2j+Hpz8T9YE5uWG0/PWal1PT+R1o8NEthtjG/XWl4HzbB8hIHpg/UtmKvsxL2OKQBrIYcHQ=="
    }
  }
}
